{
  "name": "browser-script-module",
  "lockfileVersion": 2,
  "requires": true,
  "packages": {
    "": {
      "name": "browser-script-module",
      "dependencies": {
        "verovio": "github:WolfgangDrescher/verovio-npm-improvements#cjs"
      }
    },
    "node_modules/verovio": {
      "version": "3.9.0",
      "resolved": "git+ssh://git@github.com/WolfgangDrescher/verovio-npm-improvements.git#f552b2bcf219785ef9d5b706722e0e90ed07f710",
      "license": "LGPL 3",
      "engines": {
        "node": "^12.22.0 || >= 14.17.0"
      }
    }
  },
  "dependencies": {
    "verovio": {
      "version": "git+ssh://git@github.com/WolfgangDrescher/verovio-npm-improvements.git#f552b2bcf219785ef9d5b706722e0e90ed07f710",
      "from": "verovio@github:WolfgangDrescher/verovio-npm-improvements#cjs"
    }
  }
}
