{
  "name": "browser-script-module",
  "lockfileVersion": 2,
  "requires": true,
  "packages": {
    "": {
      "name": "browser-script-module",
      "dependencies": {
        "verovio": "github:WolfgangDrescher/verovio-npm-esm-proxy"
      }
    },
    "node_modules/verovio": {
      "version": "3.9.0",
      "resolved": "git+ssh://git@github.com/WolfgangDrescher/verovio-npm-esm-proxy.git#f7fb4808cff8593322fea056371f3a10d01cf0a4",
      "license": "LGPL 3",
      "engines": {
        "node": ">= 7.0.0"
      }
    }
  },
  "dependencies": {
    "verovio": {
      "version": "git+ssh://git@github.com/WolfgangDrescher/verovio-npm-esm-proxy.git#f7fb4808cff8593322fea056371f3a10d01cf0a4",
      "from": "verovio@github:WolfgangDrescher/verovio-npm-esm-proxy"
    }
  }
}
