{
  "name": "node-commonjs",
  "lockfileVersion": 2,
  "requires": true,
  "packages": {
    "": {
      "name": "node-commonjs",
      "dependencies": {
        "verovio": "github:WolfgangDrescher/verovio-npm-improvements#cjs"
      }
    },
    "node_modules/verovio": {
      "version": "3.9.0",
      "resolved": "git+ssh://git@github.com/WolfgangDrescher/verovio-npm-improvements.git#f4f8b2736a5dfde337078cc4cdf4f3fca8733327",
      "license": "LGPL 3",
      "engines": {
        "node": "^12.22.0 || >= 14.17.0"
      }
    }
  },
  "dependencies": {
    "verovio": {
      "version": "git+ssh://git@github.com/WolfgangDrescher/verovio-npm-improvements.git#f4f8b2736a5dfde337078cc4cdf4f3fca8733327",
      "from": "verovio@github:WolfgangDrescher/verovio-npm-improvements#cjs"
    }
  }
}
