{
  "name": "node-esm",
  "lockfileVersion": 2,
  "requires": true,
  "packages": {
    "": {
      "name": "node-esm",
      "dependencies": {
        "verovio": "file:../verovio-npm-improvements#v2"
      }
    },
    "../verovio-npm-improvements": {
      "version": "3.9.0",
      "license": "LGPL 3",
      "devDependencies": {
        "rollup": "^2.73.0"
      },
      "engines": {
        "node": "^12.22.0 || >= 14.17.0"
      }
    },
    "node_modules/verovio": {
      "resolved": "../verovio-npm-improvements",
      "link": true
    }
  },
  "dependencies": {
    "verovio": {
      "version": "file:../verovio-npm-improvements",
      "requires": {
        "rollup": "^2.73.0"
      }
    }
  }
}
