{
  "name": "node-esm",
  "lockfileVersion": 2,
  "requires": true,
  "packages": {
    "": {
      "name": "node-esm",
      "dependencies": {
        "verovio": "github:WolfgangDrescher/verovio-npm-improvements"
      }
    },
    "node_modules/verovio": {
      "version": "3.9.0",
      "resolved": "git+ssh://git@github.com/WolfgangDrescher/verovio-npm-improvements.git#a0d1d457ebcc8e9ed777a04df92fa6aa4bfefc94",
      "license": "LGPL 3",
      "engines": {
        "node": "^12.22.0 || >= 14.17.0"
      }
    }
  },
  "dependencies": {
    "verovio": {
      "version": "git+ssh://git@github.com/WolfgangDrescher/verovio-npm-improvements.git#a0d1d457ebcc8e9ed777a04df92fa6aa4bfefc94",
      "from": "verovio@github:WolfgangDrescher/verovio-npm-improvements"
    }
  }
}
